// !$*UTF8*$!
{
	archiveVersion = 1;
	classes = {
	};
	objectVersion = 45;
	objects = {

/* Begin PBXBuildFile section */
		47676AEA5244751137750D56 /* ActiveSocket.cpp in Sources */ = {isa = PBXBuildFile; fileRef = 598B46D421F437F577592881 /* ActiveSocket.cpp */; };
		13C117D476BA6029634F0838 /* PassiveSocket.cpp in Sources */ = {isa = PBXBuildFile; fileRef = 44506B7F002F3FCB28EF7D9C /* PassiveSocket.cpp */; };
		5582720067DF080536EA67E8 /* SimpleSocket.cpp in Sources */ = {isa = PBXBuildFile; fileRef = 4EA47B5111DE3C897D355039 /* SimpleSocket.cpp */; };
/* End PBXBuildFile section */

/* Begin PBXFileReference section */
		598B46D421F437F577592881 /* ActiveSocket.cpp */ = {isa = PBXFileReference; lastKnownFileType = sourcecode.cpp.cpp; name = "ActiveSocket.cpp"; path = "../../examples/ThirdPartyLibs/clsocket/src/ActiveSocket.cpp"; sourceTree = "<group>"; };
		29B47E92366620993B392D87 /* ActiveSocket.h */ = {isa = PBXFileReference; lastKnownFileType = sourcecode.c.h; name = "ActiveSocket.h"; path = "../../examples/ThirdPartyLibs/clsocket/src/ActiveSocket.h"; sourceTree = "<group>"; };
		7DC51DDD2A5C319C09CA506D /* Host.h */ = {isa = PBXFileReference; lastKnownFileType = sourcecode.c.h; name = "Host.h"; path = "../../examples/ThirdPartyLibs/clsocket/src/Host.h"; sourceTree = "<group>"; };
		44506B7F002F3FCB28EF7D9C /* PassiveSocket.cpp */ = {isa = PBXFileReference; lastKnownFileType = sourcecode.cpp.cpp; name = "PassiveSocket.cpp"; path = "../../examples/ThirdPartyLibs/clsocket/src/PassiveSocket.cpp"; sourceTree = "<group>"; };
		2D08012869D552116EB7446E /* PassiveSocket.h */ = {isa = PBXFileReference; lastKnownFileType = sourcecode.c.h; name = "PassiveSocket.h"; path = "../../examples/ThirdPartyLibs/clsocket/src/PassiveSocket.h"; sourceTree = "<group>"; };
		4EA47B5111DE3C897D355039 /* SimpleSocket.cpp */ = {isa = PBXFileReference; lastKnownFileType = sourcecode.cpp.cpp; name = "SimpleSocket.cpp"; path = "../../examples/ThirdPartyLibs/clsocket/src/SimpleSocket.cpp"; sourceTree = "<group>"; };
		56A314D60552047F5F19678F /* SimpleSocket.h */ = {isa = PBXFileReference; lastKnownFileType = sourcecode.c.h; name = "SimpleSocket.h"; path = "../../examples/ThirdPartyLibs/clsocket/src/SimpleSocket.h"; sourceTree = "<group>"; };
		109401CD4BA702952ABD7365 /* StatTimer.h */ = {isa = PBXFileReference; lastKnownFileType = sourcecode.c.h; name = "StatTimer.h"; path = "../../examples/ThirdPartyLibs/clsocket/src/StatTimer.h"; sourceTree = "<group>"; };
		1C465D1C6E9458252438600B /* libclsocket_xcode4_x64_release.a */ = {isa = PBXFileReference; explicitFileType = archive.ar; includeInIndex = 0; name = "libclsocket_xcode4_x64_release.a"; path = "libclsocket_xcode4_x64_release.a"; sourceTree = BUILT_PRODUCTS_DIR; };
/* End PBXFileReference section */

/* Begin PBXFrameworksBuildPhase section */
		32E4543E4D1E0F112FDD632A /* Frameworks */ = {
			isa = PBXFrameworksBuildPhase;
			buildActionMask = 2147483647;
			files = (
			);
			runOnlyForDeploymentPostprocessing = 0;
		};
/* End PBXFrameworksBuildPhase section */

/* Begin PBXGroup section */
		5D7D698C1708300459ED64D9 /* clsocket */ = {
			isa = PBXGroup;
			children = (
				6F40724656A1724B1F8444DC /* examples */,
				213001AD238C4D17471972DC /* Products */,
			);
			name = "clsocket";
			sourceTree = "<group>";
		};
		6F40724656A1724B1F8444DC /* examples */ = {
			isa = PBXGroup;
			children = (
				00EA106858095F155BD90D20 /* ThirdPartyLibs */,
			);
			name = "examples";
			sourceTree = "<group>";
		};
		00EA106858095F155BD90D20 /* ThirdPartyLibs */ = {
			isa = PBXGroup;
			children = (
				66D531B96B1073305F6710CC /* clsocket */,
			);
			name = "ThirdPartyLibs";
			sourceTree = "<group>";
		};
		66D531B96B1073305F6710CC /* clsocket */ = {
			isa = PBXGroup;
			children = (
				42AD710271FF1F2E464D79C2 /* src */,
			);
			name = "clsocket";
			sourceTree = "<group>";
		};
		42AD710271FF1F2E464D79C2 /* src */ = {
			isa = PBXGroup;
			children = (
				598B46D421F437F577592881 /* ActiveSocket.cpp */,
				29B47E92366620993B392D87 /* ActiveSocket.h */,
				7DC51DDD2A5C319C09CA506D /* Host.h */,
				44506B7F002F3FCB28EF7D9C /* PassiveSocket.cpp */,
				2D08012869D552116EB7446E /* PassiveSocket.h */,
				4EA47B5111DE3C897D355039 /* SimpleSocket.cpp */,
				56A314D60552047F5F19678F /* SimpleSocket.h */,
				109401CD4BA702952ABD7365 /* StatTimer.h */,
			);
			name = "src";
			sourceTree = "<group>";
		};
		213001AD238C4D17471972DC /* Products */ = {
			isa = PBXGroup;
			children = (
				1C465D1C6E9458252438600B /* libclsocket_xcode4_x64_release.a */,
			);
			name = "Products";
			sourceTree = "<group>";
		};
/* End PBXGroup section */

/* Begin PBXNativeTarget section */
		11C273F111ED60481C7F0BC9 /* clsocket */ = {
			isa = PBXNativeTarget;
			buildConfigurationList = 7BD65DE10D39471B58AD4615 /* Build configuration list for PBXNativeTarget "clsocket" */;
			buildPhases = (
				15A70BCC24E215FC6A9F1D0C /* Resources */,
				030B773351B756AC5D2D5876 /* Sources */,
				32E4543E4D1E0F112FDD632A /* Frameworks */,
			);
			buildRules = (
			);
			dependencies = (
			);
			name = "clsocket";
			productName = "clsocket";
			productReference = 1C465D1C6E9458252438600B /* libclsocket_xcode4_x64_release.a */;
			productType = "com.apple.product-type.library.static";
		};
/* End PBXNativeTarget section */

/* Begin PBXProject section */
		08FB7793FE84155DC02AAC07 /* Project object */ = {
			isa = PBXProject;
			buildConfigurationList = 1DEB928908733DD80010E9CD /* Build configuration list for PBXProject "clsocket" */;
			compatibilityVersion = "Xcode 3.2";
			hasScannedForEncodings = 1;
			mainGroup = 5D7D698C1708300459ED64D9 /* clsocket */;
			projectDirPath = "";
			projectRoot = "";
			targets = (
				11C273F111ED60481C7F0BC9 /* libclsocket_xcode4_x64_release.a */,
			);
		};
/* End PBXProject section */

/* Begin PBXResourcesBuildPhase section */
		15A70BCC24E215FC6A9F1D0C /* Resources */ = {
			isa = PBXResourcesBuildPhase;
			buildActionMask = 2147483647;
			files = (
			);
			runOnlyForDeploymentPostprocessing = 0;
		};
/* End PBXResourcesBuildPhase section */

/* Begin PBXSourcesBuildPhase section */
		030B773351B756AC5D2D5876 /* Sources */ = {
			isa = PBXSourcesBuildPhase;
			buildActionMask = 2147483647;
			files = (
				47676AEA5244751137750D56 /* ActiveSocket.cpp in Sources */,
				13C117D476BA6029634F0838 /* PassiveSocket.cpp in Sources */,
				5582720067DF080536EA67E8 /* SimpleSocket.cpp in Sources */,
			);
			runOnlyForDeploymentPostprocessing = 0;
		};
/* End PBXSourcesBuildPhase section */

/* Begin PBXVariantGroup section */
/* End PBXVariantGroup section */

/* Begin XCBuildConfiguration section */
		1B5509A561635044412308B6 /* Release */ = {
			isa = XCBuildConfiguration;
			buildSettings = {
				ARCHS = "$(ARCHS_STANDARD_64_BIT)";
				VALID_ARCHS = "x86_64";
				ALWAYS_SEARCH_USER_PATHS = NO;
				DEBUG_INFORMATION_FORMAT = "dwarf-with-dsym";
				CONFIGURATION_BUILD_DIR = "../../bin";
				GCC_DYNAMIC_NO_PIC = NO;
				GCC_MODEL_TUNING = G5;
				INSTALL_PATH = /usr/local/lib;
				PRODUCT_NAME = "clsocket_xcode4_x64_release";
			};
			name = "Release";
		};
		554E0A84704E29A0721228C3 /* Debug */ = {
			isa = XCBuildConfiguration;
			buildSettings = {
				ARCHS = "$(ARCHS_STANDARD_64_BIT)";
				VALID_ARCHS = "x86_64";
				ALWAYS_SEARCH_USER_PATHS = NO;
				CONFIGURATION_BUILD_DIR = "../../bin";
				GCC_DYNAMIC_NO_PIC = NO;
				GCC_MODEL_TUNING = G5;
				INSTALL_PATH = /usr/local/lib;
				PRODUCT_NAME = "clsocket_xcode4_x64_debug";
			};
			name = "Debug";
		};
		0AFE3ED05FEB76D5218D4EE7 /* Release */ = {
			isa = XCBuildConfiguration;
			buildSettings = {
				ARCHS = "$(ARCHS_STANDARD_64_BIT)";
				VALID_ARCHS = "x86_64";
				SDKROOT = macosx;
				ARCHS = "x86_64";
				CONFIGURATION_BUILD_DIR = "$(SYMROOT)";
				CONFIGURATION_TEMP_DIR = "$(OBJROOT)";
				GCC_C_LANGUAGE_STANDARD = gnu99;
				GCC_OPTIMIZATION_LEVEL = s;
				GCC_PREPROCESSOR_DEFINITIONS = (
					"HAS_SOCKLEN_T",
					"_DARWIN",
				);
				GCC_SYMBOLS_PRIVATE_EXTERN = NO;
				GCC_WARN_ABOUT_RETURN_TYPE = YES;
				GCC_WARN_UNUSED_VARIABLE = YES;
				HEADER_SEARCH_PATHS = (
					"../../examples/ThirdPartyLibs/clsocket",
					"../../examples/ThirdPartyLibs/clsocket/include",
					"../../examples/ThirdPartyLibs/clsocket/src",
				);
				OBJROOT = "obj/x64/Release/clsocket";
				ONLY_ACTIVE_ARCH = NO;
				OTHER_CFLAGS = (
					"-ffast-math",
				);
				STANDARD_C_PLUS_PLUS_LIBRARY_TYPE = static;
				SYMROOT = "../../bin";
			};
			name = "Release";
		};
		1C90325666E40B5A72515238 /* Debug */ = {
			isa = XCBuildConfiguration;
			buildSettings = {
				ARCHS = "$(ARCHS_STANDARD_64_BIT)";
				VALID_ARCHS = "x86_64";
				SDKROOT = macosx;
				ARCHS = "x86_64";
				CONFIGURATION_BUILD_DIR = "$(SYMROOT)";
				CONFIGURATION_TEMP_DIR = "$(OBJROOT)";
				COPY_PHASE_STRIP = NO;
				GCC_C_LANGUAGE_STANDARD = gnu99;
				GCC_OPTIMIZATION_LEVEL = 0;
				GCC_PREPROCESSOR_DEFINITIONS = (
					"_DEBUG=1",
					"HAS_SOCKLEN_T",
					"_DARWIN",
				);
				GCC_SYMBOLS_PRIVATE_EXTERN = NO;
				GCC_WARN_ABOUT_RETURN_TYPE = YES;
				GCC_WARN_UNUSED_VARIABLE = YES;
				HEADER_SEARCH_PATHS = (
					"../../examples/ThirdPartyLibs/clsocket",
					"../../examples/ThirdPartyLibs/clsocket/include",
					"../../examples/ThirdPartyLibs/clsocket/src",
				);
				OBJROOT = "obj/x64/Debug/clsocket";
				ONLY_ACTIVE_ARCH = YES;
				OTHER_CFLAGS = (
					"-ffast-math",
				);
				STANDARD_C_PLUS_PLUS_LIBRARY_TYPE = static;
				SYMROOT = "../../bin";
			};
			name = "Debug";
		};
/* End XCBuildConfiguration section */

/* Begin XCConfigurationList section */
		7BD65DE10D39471B58AD4615 /* Build configuration list for PBXNativeTarget "libclsocket_xcode4_x64_release.a" */ = {
			isa = XCConfigurationList;
			buildConfigurations = (
				1B5509A561635044412308B6 /* Release */,
				554E0A84704E29A0721228C3 /* Debug */,
			);
			defaultConfigurationIsVisible = 0;
			defaultConfigurationName = "Release";
		};
		1DEB928908733DD80010E9CD /* Build configuration list for PBXProject "clsocket" */ = {
			isa = XCConfigurationList;
			buildConfigurations = (
				0AFE3ED05FEB76D5218D4EE7 /* Release */,
				1C90325666E40B5A72515238 /* Debug */,
			);
			defaultConfigurationIsVisible = 0;
			defaultConfigurationName = "Release";
		};
/* End XCConfigurationList section */

	};
	rootObject = 08FB7793FE84155DC02AAC07 /* Project object */;
}
