// !$*UTF8*$!
{
	archiveVersion = 1;
	classes = {
	};
	objectVersion = 46;
	objects = {

/* Begin PBXBuildFile section */
		388E1E98468A427B32275B2E /* btBulletWorldImporter.cpp in Sources */ = {isa = PBXBuildFile; fileRef = 452530DE56DB627B38596FCB /* btBulletWorldImporter.cpp */; };
		3BB71E23487E62BB1CCC3060 /* btMultiBodyWorldImporter.cpp in Sources */ = {isa = PBXBuildFile; fileRef = 3A35780806F74221057160A2 /* btMultiBodyWorldImporter.cpp */; };
		782F7785464D28CC180E60E0 /* btWorldImporter.cpp in Sources */ = {isa = PBXBuildFile; fileRef = 033123DD2D744A5338832C41 /* btWorldImporter.cpp */; };
/* End PBXBuildFile section */

/* Begin PBXFileReference section */
		033123DD2D744A5338832C41 /* btWorldImporter.cpp */ = {isa = PBXFileReference; lastKnownFileType = sourcecode.cpp.cpp; name = btWorldImporter.cpp; path = ../../Extras/Serialize/BulletWorldImporter/btWorldImporter.cpp; sourceTree = "<group>"; };
		2DAD4BCA50EC6F4528705FE1 /* libBulletWorldImporter_xcode4_x64_debug.a */ = {isa = PBXFileReference; explicitFileType = archive.ar; includeInIndex = 0; path = libBulletWorldImporter_xcode4_x64_debug.a; sourceTree = BUILT_PRODUCTS_DIR; };
		3A35780806F74221057160A2 /* btMultiBodyWorldImporter.cpp */ = {isa = PBXFileReference; lastKnownFileType = sourcecode.cpp.cpp; name = btMultiBodyWorldImporter.cpp; path = ../../Extras/Serialize/BulletWorldImporter/btMultiBodyWorldImporter.cpp; sourceTree = "<group>"; };
		452530DE56DB627B38596FCB /* btBulletWorldImporter.cpp */ = {isa = PBXFileReference; lastKnownFileType = sourcecode.cpp.cpp; name = btBulletWorldImporter.cpp; path = ../../Extras/Serialize/BulletWorldImporter/btBulletWorldImporter.cpp; sourceTree = "<group>"; };
		46674B46156052A566EC29A3 /* btBulletWorldImporter.h */ = {isa = PBXFileReference; lastKnownFileType = sourcecode.c.h; name = btBulletWorldImporter.h; path = ../../Extras/Serialize/BulletWorldImporter/btBulletWorldImporter.h; sourceTree = "<group>"; };
		5207071D30A32BF62A2C704B /* btWorldImporter.h */ = {isa = PBXFileReference; lastKnownFileType = sourcecode.c.h; name = btWorldImporter.h; path = ../../Extras/Serialize/BulletWorldImporter/btWorldImporter.h; sourceTree = "<group>"; };
		7ACD4D5337A132DD734B6B14 /* btMultiBodyWorldImporter.h */ = {isa = PBXFileReference; lastKnownFileType = sourcecode.c.h; name = btMultiBodyWorldImporter.h; path = ../../Extras/Serialize/BulletWorldImporter/btMultiBodyWorldImporter.h; sourceTree = "<group>"; };
/* End PBXFileReference section */

/* Begin PBXFrameworksBuildPhase section */
		55EC1B2B2BCC1ED22E69148B /* Frameworks */ = {
			isa = PBXFrameworksBuildPhase;
			buildActionMask = 2147483647;
			files = (
			);
			runOnlyForDeploymentPostprocessing = 0;
		};
/* End PBXFrameworksBuildPhase section */

/* Begin PBXGroup section */
		0A8951AE130074DC58CF2AAC /* Products */ = {
			isa = PBXGroup;
			children = (
				2DAD4BCA50EC6F4528705FE1 /* libBulletWorldImporter_xcode4_x64_debug.a */,
			);
			name = Products;
			sourceTree = "<group>";
		};
		2D7C38BA61451BE65A1B356C /* BulletWorldImporter */ = {
			isa = PBXGroup;
			children = (
				4CE107AE49C018F0718A26A4 /* Extras */,
				0A8951AE130074DC58CF2AAC /* Products */,
			);
			name = BulletWorldImporter;
			sourceTree = "<group>";
		};
		33A540B209B842191BC40412 /* BulletWorldImporter */ = {
			isa = PBXGroup;
			children = (
				452530DE56DB627B38596FCB /* btBulletWorldImporter.cpp */,
				46674B46156052A566EC29A3 /* btBulletWorldImporter.h */,
				3A35780806F74221057160A2 /* btMultiBodyWorldImporter.cpp */,
				7ACD4D5337A132DD734B6B14 /* btMultiBodyWorldImporter.h */,
				033123DD2D744A5338832C41 /* btWorldImporter.cpp */,
				5207071D30A32BF62A2C704B /* btWorldImporter.h */,
			);
			name = BulletWorldImporter;
			sourceTree = "<group>";
		};
		4CE107AE49C018F0718A26A4 /* Extras */ = {
			isa = PBXGroup;
			children = (
				6EA52C65484F4AC77331278F /* Serialize */,
			);
			name = Extras;
			sourceTree = "<group>";
		};
		6EA52C65484F4AC77331278F /* Serialize */ = {
			isa = PBXGroup;
			children = (
				33A540B209B842191BC40412 /* BulletWorldImporter */,
			);
			name = Serialize;
			sourceTree = "<group>";
		};
/* End PBXGroup section */

/* Begin PBXNativeTarget section */
		513F1A792212071E6C6C318C /* BulletWorldImporter */ = {
			isa = PBXNativeTarget;
			buildConfigurationList = 037E5F61782702AF50375A34 /* Build configuration list for PBXNativeTarget "BulletWorldImporter" */;
			buildPhases = (
				37182FFA53861ED4002D1255 /* Resources */,
				35CA1503367200CC767676E7 /* Sources */,
				55EC1B2B2BCC1ED22E69148B /* Frameworks */,
			);
			buildRules = (
			);
			dependencies = (
			);
			name = BulletWorldImporter;
			productName = BulletWorldImporter;
			productReference = 2DAD4BCA50EC6F4528705FE1 /* libBulletWorldImporter_xcode4_x64_debug.a */;
			productType = "com.apple.product-type.library.static";
		};
/* End PBXNativeTarget section */

/* Begin PBXProject section */
		08FB7793FE84155DC02AAC07 /* Project object */ = {
			isa = PBXProject;
			attributes = {
				LastUpgradeCheck = 1150;
			};
			buildConfigurationList = 1DEB928908733DD80010E9CD /* Build configuration list for PBXProject "BulletWorldImporter" */;
			compatibilityVersion = "Xcode 3.2";
			developmentRegion = en;
			hasScannedForEncodings = 1;
			knownRegions = (
				en,
				Base,
			);
			mainGroup = 2D7C38BA61451BE65A1B356C /* BulletWorldImporter */;
			projectDirPath = "";
			projectRoot = "";
			targets = (
				513F1A792212071E6C6C318C /* BulletWorldImporter */,
			);
		};
/* End PBXProject section */

/* Begin PBXResourcesBuildPhase section */
		37182FFA53861ED4002D1255 /* Resources */ = {
			isa = PBXResourcesBuildPhase;
			buildActionMask = 2147483647;
			files = (
			);
			runOnlyForDeploymentPostprocessing = 0;
		};
/* End PBXResourcesBuildPhase section */

/* Begin PBXSourcesBuildPhase section */
		35CA1503367200CC767676E7 /* Sources */ = {
			isa = PBXSourcesBuildPhase;
			buildActionMask = 2147483647;
			files = (
				388E1E98468A427B32275B2E /* btBulletWorldImporter.cpp in Sources */,
				3BB71E23487E62BB1CCC3060 /* btMultiBodyWorldImporter.cpp in Sources */,
				782F7785464D28CC180E60E0 /* btWorldImporter.cpp in Sources */,
			);
			runOnlyForDeploymentPostprocessing = 0;
		};
/* End PBXSourcesBuildPhase section */

/* Begin XCBuildConfiguration section */
		21C3248B6121589540227C18 /* Debug */ = {
			isa = XCBuildConfiguration;
			buildSettings = {
				ALWAYS_SEARCH_USER_PATHS = NO;
				CLANG_ENABLE_OBJC_WEAK = YES;
				CONFIGURATION_BUILD_DIR = ../../bin;
				GCC_DYNAMIC_NO_PIC = NO;
				GCC_MODEL_TUNING = G5;
				GCC_WARN_INHIBIT_ALL_WARNINGS = YES;
				INSTALL_PATH = /usr/local/lib;
				PRODUCT_NAME = BulletWorldImporter_xcode4_x64_debug;
				SDKROOT = iphoneos;
				VALID_ARCHS = x86_64;
			};
			name = Debug;
		};
		3C234F7D2C0677EF075B0D6D /* Release */ = {
			isa = XCBuildConfiguration;
			buildSettings = {
				CLANG_WARN_BLOCK_CAPTURE_AUTORELEASING = YES;
				CLANG_WARN_BOOL_CONVERSION = YES;
				CLANG_WARN_COMMA = YES;
				CLANG_WARN_CONSTANT_CONVERSION = YES;
				CLANG_WARN_DEPRECATED_OBJC_IMPLEMENTATIONS = YES;
				CLANG_WARN_EMPTY_BODY = YES;
				CLANG_WARN_ENUM_CONVERSION = YES;
				CLANG_WARN_INFINITE_RECURSION = YES;
				CLANG_WARN_INT_CONVERSION = YES;
				CLANG_WARN_NON_LITERAL_NULL_CONVERSION = YES;
				CLANG_WARN_OBJC_IMPLICIT_RETAIN_SELF = YES;
				CLANG_WARN_OBJC_LITERAL_CONVERSION = YES;
				CLANG_WARN_RANGE_LOOP_ANALYSIS = YES;
				CLANG_WARN_STRICT_PROTOTYPES = YES;
				CLANG_WARN_SUSPICIOUS_MOVE = YES;
				CLANG_WARN_UNREACHABLE_CODE = YES;
				CLANG_WARN__DUPLICATE_METHOD_MATCH = YES;
				CONFIGURATION_BUILD_DIR = "$(SYMROOT)";
				CONFIGURATION_TEMP_DIR = "$(OBJROOT)";
				ENABLE_STRICT_OBJC_MSGSEND = YES;
				GCC_C_LANGUAGE_STANDARD = gnu99;
				GCC_NO_COMMON_BLOCKS = YES;
				GCC_OPTIMIZATION_LEVEL = s;
				GCC_SYMBOLS_PRIVATE_EXTERN = NO;
				GCC_WARN_64_TO_32_BIT_CONVERSION = YES;
				GCC_WARN_ABOUT_RETURN_TYPE = YES;
				GCC_WARN_UNDECLARED_SELECTOR = YES;
				GCC_WARN_UNINITIALIZED_AUTOS = YES;
				GCC_WARN_UNUSED_FUNCTION = YES;
				GCC_WARN_UNUSED_VARIABLE = YES;
				HEADER_SEARCH_PATHS = (
					../../Extras/Serialize/BulletFileLoader,
					../../src,
				);
				OBJROOT = obj/x64/Release/BulletWorldImporter;
				ONLY_ACTIVE_ARCH = NO;
				OTHER_CFLAGS = "-ffast-math";
				SDKROOT = macosx;
				STANDARD_C_PLUS_PLUS_LIBRARY_TYPE = static;
				SYMROOT = ../../bin;
				VALID_ARCHS = x86_64;
			};
			name = Release;
		};
		44791AA1643510C72D4C7498 /* Debug */ = {
			isa = XCBuildConfiguration;
			buildSettings = {
				CLANG_WARN_BLOCK_CAPTURE_AUTORELEASING = YES;
				CLANG_WARN_BOOL_CONVERSION = YES;
				CLANG_WARN_COMMA = YES;
				CLANG_WARN_CONSTANT_CONVERSION = YES;
				CLANG_WARN_DEPRECATED_OBJC_IMPLEMENTATIONS = YES;
				CLANG_WARN_EMPTY_BODY = YES;
				CLANG_WARN_ENUM_CONVERSION = YES;
				CLANG_WARN_INFINITE_RECURSION = YES;
				CLANG_WARN_INT_CONVERSION = YES;
				CLANG_WARN_NON_LITERAL_NULL_CONVERSION = YES;
				CLANG_WARN_OBJC_IMPLICIT_RETAIN_SELF = YES;
				CLANG_WARN_OBJC_LITERAL_CONVERSION = YES;
				CLANG_WARN_RANGE_LOOP_ANALYSIS = YES;
				CLANG_WARN_STRICT_PROTOTYPES = YES;
				CLANG_WARN_SUSPICIOUS_MOVE = YES;
				CLANG_WARN_UNREACHABLE_CODE = YES;
				CLANG_WARN__DUPLICATE_METHOD_MATCH = YES;
				CONFIGURATION_BUILD_DIR = "$(SYMROOT)";
				CONFIGURATION_TEMP_DIR = "$(OBJROOT)";
				COPY_PHASE_STRIP = NO;
				ENABLE_STRICT_OBJC_MSGSEND = YES;
				ENABLE_TESTABILITY = YES;
				GCC_C_LANGUAGE_STANDARD = gnu99;
				GCC_NO_COMMON_BLOCKS = YES;
				GCC_OPTIMIZATION_LEVEL = 0;
				GCC_PREPROCESSOR_DEFINITIONS = "_DEBUG=1";
				GCC_SYMBOLS_PRIVATE_EXTERN = NO;
				GCC_WARN_64_TO_32_BIT_CONVERSION = YES;
				GCC_WARN_ABOUT_RETURN_TYPE = YES;
				GCC_WARN_UNDECLARED_SELECTOR = YES;
				GCC_WARN_UNINITIALIZED_AUTOS = YES;
				GCC_WARN_UNUSED_FUNCTION = YES;
				GCC_WARN_UNUSED_VARIABLE = YES;
				HEADER_SEARCH_PATHS = (
					../../Extras/Serialize/BulletFileLoader,
					../../src,
				);
				OBJROOT = obj/x64/Debug/BulletWorldImporter;
				ONLY_ACTIVE_ARCH = YES;
				OTHER_CFLAGS = "-ffast-math";
				SDKROOT = macosx;
				STANDARD_C_PLUS_PLUS_LIBRARY_TYPE = static;
				SYMROOT = ../../bin;
				VALID_ARCHS = x86_64;
			};
			name = Debug;
		};
		790478656D990C94785868FB /* Release */ = {
			isa = XCBuildConfiguration;
			buildSettings = {
				ALWAYS_SEARCH_USER_PATHS = NO;
				CLANG_ENABLE_OBJC_WEAK = YES;
				CONFIGURATION_BUILD_DIR = ../../bin;
				DEBUG_INFORMATION_FORMAT = "dwarf-with-dsym";
				GCC_DYNAMIC_NO_PIC = NO;
				GCC_MODEL_TUNING = G5;
				GCC_WARN_INHIBIT_ALL_WARNINGS = YES;
				INSTALL_PATH = /usr/local/lib;
				PRODUCT_NAME = BulletWorldImporter_xcode4_x64_release;
				SDKROOT = iphoneos;
				VALID_ARCHS = x86_64;
			};
			name = Release;
		};
/* End XCBuildConfiguration section */

/* Begin XCConfigurationList section */
		037E5F61782702AF50375A34 /* Build configuration list for PBXNativeTarget "BulletWorldImporter" */ = {
			isa = XCConfigurationList;
			buildConfigurations = (
				790478656D990C94785868FB /* Release */,
				21C3248B6121589540227C18 /* Debug */,
			);
			defaultConfigurationIsVisible = 0;
			defaultConfigurationName = Release;
		};
		1DEB928908733DD80010E9CD /* Build configuration list for PBXProject "BulletWorldImporter" */ = {
			isa = XCConfigurationList;
			buildConfigurations = (
				3C234F7D2C0677EF075B0D6D /* Release */,
				44791AA1643510C72D4C7498 /* Debug */,
			);
			defaultConfigurationIsVisible = 0;
			defaultConfigurationName = Release;
		};
/* End XCConfigurationList section */
	};
	rootObject = 08FB7793FE84155DC02AAC07 /* Project object */;
}
